// !$*UTF8*$!
{
	archiveVersion = 1;
	classes = {
	};
	objectVersion = 56;
	objects = {

/* Begin PBXBuildFile section */
		0F1AB6562C1CE3AA003DA6BE /* Nunito.ttf in Resources */ = {isa = PBXBuildFile; fileRef = 0F1AB6552C1CE3AA003DA6BE /* Nunito.ttf */; };
		0F1AB65A2C1F9DE8003DA6BE /* airLines.json in Resources */ = {isa = PBXBuildFile; fileRef = 0F1AB6592C1F9DE8003DA6BE /* airLines.json */; };
		0F4684D22C2874FB00406B9A /* AirlinePickerView.swift in Sources */ = {isa = PBXBuildFile; fileRef = 0F4684D12C2874FB00406B9A /* AirlinePickerView.swift */; };
		0F4684D52C28C6A900406B9A /* carRentalPickerView.swift in Sources */ = {isa = PBXBuildFile; fileRef = 0F4684D42C28C6A900406B9A /* carRentalPickerView.swift */; };
		0F4684D72C28C91100406B9A /* CarTypesPickerView.swift in Sources */ = {isa = PBXBuildFile; fileRef = 0F4684D62C28C91100406B9A /* CarTypesPickerView.swift */; };
		0F4684D92C28CA9100406B9A /* MealCategoriesPickerView.swift in Sources */ = {isa = PBXBuildFile; fileRef = 0F4684D82C28CA9100406B9A /* MealCategoriesPickerView.swift */; };
		0F4684DB2C28CDA700406B9A /* RelashionshipToPaiPickerView.swift in Sources */ = {isa = PBXBuildFile; fileRef = 0F4684DA2C28CDA700406B9A /* RelashionshipToPaiPickerView.swift */; };
		0F4684DD2C28D44100406B9A /* HotelBaseRatePickerView.swift in Sources */ = {isa = PBXBuildFile; fileRef = 0F4684DC2C28D44100406B9A /* HotelBaseRatePickerView.swift */; };
		0F4684DF2C28D5C300406B9A /* MileageRatePickerView.swift in Sources */ = {isa = PBXBuildFile; fileRef = 0F4684DE2C28D5C300406B9A /* MileageRatePickerView.swift */; };
		0F4684E12C2A378500406B9A /* EditExpenseForm.swift in Sources */ = {isa = PBXBuildFile; fileRef = 0F4684E02C2A378500406B9A /* EditExpenseForm.swift */; };
		0F756A512C3C41AD006F7504 /* FormValidatorManager.swift in Sources */ = {isa = PBXBuildFile; fileRef = 0F756A502C3C41AD006F7504 /* FormValidatorManager.swift */; };
		0FBD331C2C21E388000502B0 /* SelectTypeForm.swift in Sources */ = {isa = PBXBuildFile; fileRef = 0FBD331B2C21E388000502B0 /* SelectTypeForm.swift */; };
		0FCD00A72C08CAAF00A49C62 /* ExpenseManagementApp.swift in Sources */ = {isa = PBXBuildFile; fileRef = 0FCD00A62C08CAAF00A49C62 /* ExpenseManagementApp.swift */; };
		0FCD00A92C08CAAF00A49C62 /* ContentView.swift in Sources */ = {isa = PBXBuildFile; fileRef = 0FCD00A82C08CAAF00A49C62 /* ContentView.swift */; };
		0FCD00AB2C08CAB000A49C62 /* Assets.xcassets in Resources */ = {isa = PBXBuildFile; fileRef = 0FCD00AA2C08CAB000A49C62 /* Assets.xcassets */; };
		0FCD00AE2C08CAB000A49C62 /* Preview Assets.xcassets in Resources */ = {isa = PBXBuildFile; fileRef = 0FCD00AD2C08CAB000A49C62 /* Preview Assets.xcassets */; };
		0FCD00B62C08D90900A49C62 /* WelcomeView.swift in Sources */ = {isa = PBXBuildFile; fileRef = 0FCD00B52C08D90900A49C62 /* WelcomeView.swift */; };
		0FCD00B82C08D91500A49C62 /* SignInView.swift in Sources */ = {isa = PBXBuildFile; fileRef = 0FCD00B72C08D91500A49C62 /* SignInView.swift */; };
		0FCD00BA2C08D92000A49C62 /* SignUpView.swift in Sources */ = {isa = PBXBuildFile; fileRef = 0FCD00B92C08D92000A49C62 /* SignUpView.swift */; };
		0FCD00BD2C08E66500A49C62 /* BackgroundImage.swift in Sources */ = {isa = PBXBuildFile; fileRef = 0FCD00BC2C08E66500A49C62 /* BackgroundImage.swift */; };
		0FCD00BF2C08E69300A49C62 /* PFULogo.swift in Sources */ = {isa = PBXBuildFile; fileRef = 0FCD00BE2C08E69300A49C62 /* PFULogo.swift */; };
		0FCD00C22C0A33DA00A49C62 /* DAO.swift in Sources */ = {isa = PBXBuildFile; fileRef = 0FCD00C12C0A33DA00A49C62 /* DAO.swift */; };
		0FCD00CD2C0A350900A49C62 /* Models.swift in Sources */ = {isa = PBXBuildFile; fileRef = 0FCD00CC2C0A350900A49C62 /* Models.swift */; };
		0FCD00D02C0A362B00A49C62 /* mockData.json in Resources */ = {isa = PBXBuildFile; fileRef = 0FCD00CF2C0A362B00A49C62 /* mockData.json */; };
		0FCD00D22C0A3AC400A49C62 /* ReportsView.swift in Sources */ = {isa = PBXBuildFile; fileRef = 0FCD00D12C0A3AC400A49C62 /* ReportsView.swift */; };
		0FCD00D52C0A3FE100A49C62 /* TabViewContainer.swift in Sources */ = {isa = PBXBuildFile; fileRef = 0FCD00D42C0A3FE100A49C62 /* TabViewContainer.swift */; };
		0FCD00D72C0A403900A49C62 /* UserView.swift in Sources */ = {isa = PBXBuildFile; fileRef = 0FCD00D62C0A403900A49C62 /* UserView.swift */; };
		0FCD00D92C0A51AB00A49C62 /* ReportComponent.swift in Sources */ = {isa = PBXBuildFile; fileRef = 0FCD00D82C0A51AB00A49C62 /* ReportComponent.swift */; };
		0FCD00DB2C0A53E900A49C62 /* ReportsDetailView.swift in Sources */ = {isa = PBXBuildFile; fileRef = 0FCD00DA2C0A53E900A49C62 /* ReportsDetailView.swift */; };
		0FCD00DD2C0BE28200A49C62 /* ManagePaymentView.swift in Sources */ = {isa = PBXBuildFile; fileRef = 0FCD00DC2C0BE28200A49C62 /* ManagePaymentView.swift */; };
		0FCD00DF2C0CD5A800A49C62 /* NewCreditCardForm.swift in Sources */ = {isa = PBXBuildFile; fileRef = 0FCD00DE2C0CD5A800A49C62 /* NewCreditCardForm.swift */; };
		0FCD00E12C0CE91600A49C62 /* ExpenseComponent.swift in Sources */ = {isa = PBXBuildFile; fileRef = 0FCD00E02C0CE91600A49C62 /* ExpenseComponent.swift */; };
		0FCD00E32C0D28B800A49C62 /* NewExpenseForm.swift in Sources */ = {isa = PBXBuildFile; fileRef = 0FCD00E22C0D28B800A49C62 /* NewExpenseForm.swift */; };
		0FCD00E52C0D2B1400A49C62 /* NewReportView.swift in Sources */ = {isa = PBXBuildFile; fileRef = 0FCD00E42C0D2B1400A49C62 /* NewReportView.swift */; };
		0FFCC9832C0FA0A0003CBEC1 /* reports.json in Resources */ = {isa = PBXBuildFile; fileRef = 0FFCC9822C0FA0A0003CBEC1 /* reports.json */; };
		0FFCC9852C0FA0A8003CBEC1 /* report_items.json in Resources */ = {isa = PBXBuildFile; fileRef = 0FFCC9842C0FA0A8003CBEC1 /* report_items.json */; };
		0FFCC9872C0FA0B0003CBEC1 /* commons.json in Resources */ = {isa = PBXBuildFile; fileRef = 0FFCC9862C0FA0B0003CBEC1 /* commons.json */; };
		0FFCC9892C0FD4C1003CBEC1 /* rates.json in Resources */ = {isa = PBXBuildFile; fileRef = 0FFCC9882C0FD4C1003CBEC1 /* rates.json */; };
		0FFCC98B2C0FD4F6003CBEC1 /* citiesAmounts.json in Resources */ = {isa = PBXBuildFile; fileRef = 0FFCC98A2C0FD4F6003CBEC1 /* citiesAmounts.json */; };
		0FFCC98D2C0FD50D003CBEC1 /* allCities.json in Resources */ = {isa = PBXBuildFile; fileRef = 0FFCC98C2C0FD50D003CBEC1 /* allCities.json */; };
		B50D30D92C2B464F00AE8880 /* ViewExtensions.swift in Sources */ = {isa = PBXBuildFile; fileRef = B50D30D82C2B464F00AE8880 /* ViewExtensions.swift */; };
		B50D30DB2C2B489C00AE8880 /* StatusDisplay.swift in Sources */ = {isa = PBXBuildFile; fileRef = B50D30DA2C2B489C00AE8880 /* StatusDisplay.swift */; };
		B50D30DD2C2CDA4E00AE8880 /* FilePickerButton.swift in Sources */ = {isa = PBXBuildFile; fileRef = B50D30DC2C2CDA4E00AE8880 /* FilePickerButton.swift */; };
		B50D30DF2C2DF2FA00AE8880 /* MessagesProvider.swift in Sources */ = {isa = PBXBuildFile; fileRef = B50D30DE2C2DF2FA00AE8880 /* MessagesProvider.swift */; };
		B50D30E22C2DF34700AE8880 /* SwiftMessages in Frameworks */ = {isa = PBXBuildFile; productRef = B50D30E12C2DF34700AE8880 /* SwiftMessages */; };
		B50D30E42C2DF4D400AE8880 /* GlobalStateManager.swift in Sources */ = {isa = PBXBuildFile; fileRef = B50D30E32C2DF4D400AE8880 /* GlobalStateManager.swift */; };
		B50D30E62C2DFA4D00AE8880 /* BiometricAuthenticationProvider.swift in Sources */ = {isa = PBXBuildFile; fileRef = B50D30E52C2DFA4D00AE8880 /* BiometricAuthenticationProvider.swift */; };
		B50D30E82C2E107F00AE8880 /* Toggle.swift in Sources */ = {isa = PBXBuildFile; fileRef = B50D30E72C2E107F00AE8880 /* Toggle.swift */; };
		B50D30ED2C313BFC00AE8880 /* MockCommonDataManager.swift in Sources */ = {isa = PBXBuildFile; fileRef = B50D30EC2C313BFC00AE8880 /* MockCommonDataManager.swift */; };
		B50D30EF2C330C3000AE8880 /* CityPickerView.swift in Sources */ = {isa = PBXBuildFile; fileRef = B50D30EE2C330C3000AE8880 /* CityPickerView.swift */; };
		B50D30F12C3315CD00AE8880 /* TextInputView.swift in Sources */ = {isa = PBXBuildFile; fileRef = B50D30F02C3315CD00AE8880 /* TextInputView.swift */; };
		B50D30F32C33166600AE8880 /* SearchBar.swift in Sources */ = {isa = PBXBuildFile; fileRef = B50D30F22C33166600AE8880 /* SearchBar.swift */; };
		B50D30F52C331E2B00AE8880 /* DateFieldView.swift in Sources */ = {isa = PBXBuildFile; fileRef = B50D30F42C331E2B00AE8880 /* DateFieldView.swift */; };
		B50D30F72C33284800AE8880 /* WarningMessageView.swift in Sources */ = {isa = PBXBuildFile; fileRef = B50D30F62C33284800AE8880 /* WarningMessageView.swift */; };
		B50D30FA2C34E37000AE8880 /* FormValidator in Frameworks */ = {isa = PBXBuildFile; productRef = B50D30F92C34E37000AE8880 /* FormValidator */; };
		B50D30FC2C34F13300AE8880 /* PickerField.swift in Sources */ = {isa = PBXBuildFile; fileRef = B50D30FB2C34F13300AE8880 /* PickerField.swift */; };
		B50D30FE2C35CF9900AE8880 /* DateFilterPicker.swift in Sources */ = {isa = PBXBuildFile; fileRef = B50D30FD2C35CF9900AE8880 /* DateFilterPicker.swift */; };
		B50D31002C38EB0200AE8880 /* ContentUnavailableView.swift in Sources */ = {isa = PBXBuildFile; fileRef = B50D30FF2C38EB0200AE8880 /* ContentUnavailableView.swift */; };
		B50D31022C38F1D800AE8880 /* MockAuthManager.swift in Sources */ = {isa = PBXBuildFile; fileRef = B50D31012C38F1D800AE8880 /* MockAuthManager.swift */; };
		B50D31042C3CDDA100AE8880 /* PasswordInput.swift in Sources */ = {isa = PBXBuildFile; fileRef = B50D31032C3CDDA100AE8880 /* PasswordInput.swift */; };
		B50D31072C3CE33F00AE8880 /* SignupForm.swift in Sources */ = {isa = PBXBuildFile; fileRef = B50D31062C3CE33F00AE8880 /* SignupForm.swift */; };
		B559AD912C1116D100CE4CF1 /* LoadingOverlay.swift in Sources */ = {isa = PBXBuildFile; fileRef = B559AD902C1116D100CE4CF1 /* LoadingOverlay.swift */; };
		B59BD5EF2C112A900027E599 /* Auth.swift in Sources */ = {isa = PBXBuildFile; fileRef = B59BD5EE2C112A900027E599 /* Auth.swift */; };
		B59BD5F22C113CE90027E599 /* AuthManager.swift in Sources */ = {isa = PBXBuildFile; fileRef = B59BD5F12C113CE90027E599 /* AuthManager.swift */; };
		B59BD5F42C1154BC0027E599 /* CommonDataManager.swift in Sources */ = {isa = PBXBuildFile; fileRef = B59BD5F32C1154BC0027E599 /* CommonDataManager.swift */; };
		B59BD5F62C1163A80027E599 /* ExpenseDataManager.swift in Sources */ = {isa = PBXBuildFile; fileRef = B59BD5F52C1163A80027E599 /* ExpenseDataManager.swift */; };
		B59BD5F92C1172ED0027E599 /* DateFormatter.swift in Sources */ = {isa = PBXBuildFile; fileRef = B59BD5F82C1172ED0027E599 /* DateFormatter.swift */; };
		B59BD5FC2C11837A0027E599 /* user.json in Resources */ = {isa = PBXBuildFile; fileRef = B59BD5FB2C11837A0027E599 /* user.json */; };
		B59BD5FE2C1184110027E599 /* DataLoader.swift in Sources */ = {isa = PBXBuildFile; fileRef = B59BD5FD2C1184110027E599 /* DataLoader.swift */; };
		B59BD6042C11AFD20027E599 /* FilePicker.swift in Sources */ = {isa = PBXBuildFile; fileRef = B59BD6032C11AFD20027E599 /* FilePicker.swift */; };
		B59BD6062C11B86C0027E599 /* ImagePicker.swift in Sources */ = {isa = PBXBuildFile; fileRef = B59BD6052C11B86C0027E599 /* ImagePicker.swift */; };
		B59BD6082C123DE00027E599 /* Utilities.swift in Sources */ = {isa = PBXBuildFile; fileRef = B59BD6072C123DE00027E599 /* Utilities.swift */; };
		B59BD60A2C1B70A70027E599 /* VerifyMFAView.swift in Sources */ = {isa = PBXBuildFile; fileRef = B59BD6092C1B70A70027E599 /* VerifyMFAView.swift */; };
		B59BD60C2C1B7B4B0027E599 /* Inter.ttf in Resources */ = {isa = PBXBuildFile; fileRef = B59BD60B2C1B7B4B0027E599 /* Inter.ttf */; };
		B59BD60E2C1B7BF30027E599 /* Poppins.ttf in Resources */ = {isa = PBXBuildFile; fileRef = B59BD60D2C1B7BF30027E599 /* Poppins.ttf */; };
		B59BD6102C1B7C540027E599 /* Poppins-Bold.ttf in Resources */ = {isa = PBXBuildFile; fileRef = B59BD60F2C1B7C540027E599 /* Poppins-Bold.ttf */; };
		B59BD6252C28EB3F0027E599 /* PhoneNumberInput.swift in Sources */ = {isa = PBXBuildFile; fileRef = B59BD6242C28EB3F0027E599 /* PhoneNumberInput.swift */; };
		B59BD62D2C28ED9D0027E599 /* KeyChainHelper.swift in Sources */ = {isa = PBXBuildFile; fileRef = B59BD62C2C28ED9D0027E599 /* KeyChainHelper.swift */; };
		B59BD62F2C290A680027E599 /* AmountsComponent.swift in Sources */ = {isa = PBXBuildFile; fileRef = B59BD62E2C290A680027E599 /* AmountsComponent.swift */; };
		B59BD6312C2923510027E599 /* CurrencyPicker.swift in Sources */ = {isa = PBXBuildFile; fileRef = B59BD6302C2923510027E599 /* CurrencyPicker.swift */; };
		B59BD6332C2940900027E599 /* Timeline.swift in Sources */ = {isa = PBXBuildFile; fileRef = B59BD6322C2940900027E599 /* Timeline.swift */; };
		B59BD6352C2B3B040027E599 /* PhoneNumberKit in Frameworks */ = {isa = PBXBuildFile; productRef = B59BD6342C2B3B040027E599 /* PhoneNumberKit */; };
		B59BD6372C2B3B0E0027E599 /* JWTDecode in Frameworks */ = {isa = PBXBuildFile; productRef = B59BD6362C2B3B0E0027E599 /* JWTDecode */; };
/* End PBXBuildFile section */

/* Begin PBXFileReference section */
		0F1AB6552C1CE3AA003DA6BE /* Nunito.ttf */ = {isa = PBXFileReference; lastKnownFileType = file; path = Nunito.ttf; sourceTree = "<group>"; };
		0F1AB6592C1F9DE8003DA6BE /* airLines.json */ = {isa = PBXFileReference; lastKnownFileType = text.json; path = airLines.json; sourceTree = "<group>"; };
		0F4684D12C2874FB00406B9A /* AirlinePickerView.swift */ = {isa = PBXFileReference; lastKnownFileType = sourcecode.swift; path = AirlinePickerView.swift; sourceTree = "<group>"; };
		0F4684D42C28C6A900406B9A /* carRentalPickerView.swift */ = {isa = PBXFileReference; lastKnownFileType = sourcecode.swift; path = carRentalPickerView.swift; sourceTree = "<group>"; };
		0F4684D62C28C91100406B9A /* CarTypesPickerView.swift */ = {isa = PBXFileReference; lastKnownFileType = sourcecode.swift; path = CarTypesPickerView.swift; sourceTree = "<group>"; };
		0F4684D82C28CA9100406B9A /* MealCategoriesPickerView.swift */ = {isa = PBXFileReference; lastKnownFileType = sourcecode.swift; path = MealCategoriesPickerView.swift; sourceTree = "<group>"; };
		0F4684DA2C28CDA700406B9A /* RelashionshipToPaiPickerView.swift */ = {isa = PBXFileReference; lastKnownFileType = sourcecode.swift; path = RelashionshipToPaiPickerView.swift; sourceTree = "<group>"; };
		0F4684DC2C28D44100406B9A /* HotelBaseRatePickerView.swift */ = {isa = PBXFileReference; lastKnownFileType = sourcecode.swift; path = HotelBaseRatePickerView.swift; sourceTree = "<group>"; };
		0F4684DE2C28D5C300406B9A /* MileageRatePickerView.swift */ = {isa = PBXFileReference; lastKnownFileType = sourcecode.swift; path = MileageRatePickerView.swift; sourceTree = "<group>"; };
		0F4684E02C2A378500406B9A /* EditExpenseForm.swift */ = {isa = PBXFileReference; lastKnownFileType = sourcecode.swift; path = EditExpenseForm.swift; sourceTree = "<group>"; };
		0F756A502C3C41AD006F7504 /* FormValidatorManager.swift */ = {isa = PBXFileReference; lastKnownFileType = sourcecode.swift; path = FormValidatorManager.swift; sourceTree = "<group>"; };
		0FBD331B2C21E388000502B0 /* SelectTypeForm.swift */ = {isa = PBXFileReference; lastKnownFileType = sourcecode.swift; path = SelectTypeForm.swift; sourceTree = "<group>"; };
		0FCD00A32C08CAAF00A49C62 /* ExpenseManagement.app */ = {isa = PBXFileReference; explicitFileType = wrapper.application; includeInIndex = 0; path = ExpenseManagement.app; sourceTree = BUILT_PRODUCTS_DIR; };
		0FCD00A62C08CAAF00A49C62 /* ExpenseManagementApp.swift */ = {isa = PBXFileReference; lastKnownFileType = sourcecode.swift; path = ExpenseManagementApp.swift; sourceTree = "<group>"; };
		0FCD00A82C08CAAF00A49C62 /* ContentView.swift */ = {isa = PBXFileReference; lastKnownFileType = sourcecode.swift; path = ContentView.swift; sourceTree = "<group>"; };
		0FCD00AA2C08CAB000A49C62 /* Assets.xcassets */ = {isa = PBXFileReference; lastKnownFileType = folder.assetcatalog; path = Assets.xcassets; sourceTree = "<group>"; };
		0FCD00AD2C08CAB000A49C62 /* Preview Assets.xcassets */ = {isa = PBXFileReference; lastKnownFileType = folder.assetcatalog; path = "Preview Assets.xcassets"; sourceTree = "<group>"; };
		0FCD00B52C08D90900A49C62 /* WelcomeView.swift */ = {isa = PBXFileReference; lastKnownFileType = sourcecode.swift; path = WelcomeView.swift; sourceTree = "<group>"; };
		0FCD00B72C08D91500A49C62 /* SignInView.swift */ = {isa = PBXFileReference; lastKnownFileType = sourcecode.swift; path = SignInView.swift; sourceTree = "<group>"; };
		0FCD00B92C08D92000A49C62 /* SignUpView.swift */ = {isa = PBXFileReference; lastKnownFileType = sourcecode.swift; path = SignUpView.swift; sourceTree = "<group>"; };
		0FCD00BC2C08E66500A49C62 /* BackgroundImage.swift */ = {isa = PBXFileReference; lastKnownFileType = sourcecode.swift; path = BackgroundImage.swift; sourceTree = "<group>"; };
		0FCD00BE2C08E69300A49C62 /* PFULogo.swift */ = {isa = PBXFileReference; lastKnownFileType = sourcecode.swift; path = PFULogo.swift; sourceTree = "<group>"; };
		0FCD00C12C0A33DA00A49C62 /* DAO.swift */ = {isa = PBXFileReference; lastKnownFileType = sourcecode.swift; path = DAO.swift; sourceTree = "<group>"; };
		0FCD00CC2C0A350900A49C62 /* Models.swift */ = {isa = PBXFileReference; lastKnownFileType = sourcecode.swift; path = Models.swift; sourceTree = "<group>"; };
		0FCD00CF2C0A362B00A49C62 /* mockData.json */ = {isa = PBXFileReference; lastKnownFileType = text.json; path = mockData.json; sourceTree = "<group>"; };
		0FCD00D12C0A3AC400A49C62 /* ReportsView.swift */ = {isa = PBXFileReference; lastKnownFileType = sourcecode.swift; path = ReportsView.swift; sourceTree = "<group>"; };
		0FCD00D42C0A3FE100A49C62 /* TabViewContainer.swift */ = {isa = PBXFileReference; lastKnownFileType = sourcecode.swift; path = TabViewContainer.swift; sourceTree = "<group>"; };
		0FCD00D62C0A403900A49C62 /* UserView.swift */ = {isa = PBXFileReference; lastKnownFileType = sourcecode.swift; path = UserView.swift; sourceTree = "<group>"; };
		0FCD00D82C0A51AB00A49C62 /* ReportComponent.swift */ = {isa = PBXFileReference; lastKnownFileType = sourcecode.swift; path = ReportComponent.swift; sourceTree = "<group>"; };
		0FCD00DA2C0A53E900A49C62 /* ReportsDetailView.swift */ = {isa = PBXFileReference; lastKnownFileType = sourcecode.swift; path = ReportsDetailView.swift; sourceTree = "<group>"; };
		0FCD00DC2C0BE28200A49C62 /* ManagePaymentView.swift */ = {isa = PBXFileReference; lastKnownFileType = sourcecode.swift; path = ManagePaymentView.swift; sourceTree = "<group>"; };
		0FCD00DE2C0CD5A800A49C62 /* NewCreditCardForm.swift */ = {isa = PBXFileReference; lastKnownFileType = sourcecode.swift; path = NewCreditCardForm.swift; sourceTree = "<group>"; };
		0FCD00E02C0CE91600A49C62 /* ExpenseComponent.swift */ = {isa = PBXFileReference; lastKnownFileType = sourcecode.swift; path = ExpenseComponent.swift; sourceTree = "<group>"; };
		0FCD00E22C0D28B800A49C62 /* NewExpenseForm.swift */ = {isa = PBXFileReference; lastKnownFileType = sourcecode.swift; path = NewExpenseForm.swift; sourceTree = "<group>"; };
		0FCD00E42C0D2B1400A49C62 /* NewReportView.swift */ = {isa = PBXFileReference; lastKnownFileType = sourcecode.swift; path = NewReportView.swift; sourceTree = "<group>"; };
		0FFCC9822C0FA0A0003CBEC1 /* reports.json */ = {isa = PBXFileReference; fileEncoding = 4; lastKnownFileType = text.json; path = reports.json; sourceTree = "<group>"; };
		0FFCC9842C0FA0A8003CBEC1 /* report_items.json */ = {isa = PBXFileReference; fileEncoding = 4; lastKnownFileType = text.json; path = report_items.json; sourceTree = "<group>"; };
		0FFCC9862C0FA0B0003CBEC1 /* commons.json */ = {isa = PBXFileReference; fileEncoding = 4; lastKnownFileType = text.json; path = commons.json; sourceTree = "<group>"; };
		0FFCC9882C0FD4C1003CBEC1 /* rates.json */ = {isa = PBXFileReference; lastKnownFileType = text.json; path = rates.json; sourceTree = "<group>"; };
		0FFCC98A2C0FD4F6003CBEC1 /* citiesAmounts.json */ = {isa = PBXFileReference; lastKnownFileType = text.json; path = citiesAmounts.json; sourceTree = "<group>"; };
		0FFCC98C2C0FD50D003CBEC1 /* allCities.json */ = {isa = PBXFileReference; lastKnownFileType = text.json; path = allCities.json; sourceTree = "<group>"; };
		B50D30D82C2B464F00AE8880 /* ViewExtensions.swift */ = {isa = PBXFileReference; lastKnownFileType = sourcecode.swift; path = ViewExtensions.swift; sourceTree = "<group>"; };
		B50D30DA2C2B489C00AE8880 /* StatusDisplay.swift */ = {isa = PBXFileReference; lastKnownFileType = sourcecode.swift; path = StatusDisplay.swift; sourceTree = "<group>"; };
		B50D30DC2C2CDA4E00AE8880 /* FilePickerButton.swift */ = {isa = PBXFileReference; lastKnownFileType = sourcecode.swift; path = FilePickerButton.swift; sourceTree = "<group>"; };
		B50D30DE2C2DF2FA00AE8880 /* MessagesProvider.swift */ = {isa = PBXFileReference; lastKnownFileType = sourcecode.swift; path = MessagesProvider.swift; sourceTree = "<group>"; };
		B50D30E32C2DF4D400AE8880 /* GlobalStateManager.swift */ = {isa = PBXFileReference; lastKnownFileType = sourcecode.swift; path = GlobalStateManager.swift; sourceTree = "<group>"; };
		B50D30E52C2DFA4D00AE8880 /* BiometricAuthenticationProvider.swift */ = {isa = PBXFileReference; lastKnownFileType = sourcecode.swift; path = BiometricAuthenticationProvider.swift; sourceTree = "<group>"; };
		B50D30E72C2E107F00AE8880 /* Toggle.swift */ = {isa = PBXFileReference; lastKnownFileType = sourcecode.swift; path = Toggle.swift; sourceTree = "<group>"; };
		B50D30EC2C313BFC00AE8880 /* MockCommonDataManager.swift */ = {isa = PBXFileReference; lastKnownFileType = sourcecode.swift; path = MockCommonDataManager.swift; sourceTree = "<group>"; };
		B50D30EE2C330C3000AE8880 /* CityPickerView.swift */ = {isa = PBXFileReference; lastKnownFileType = sourcecode.swift; path = CityPickerView.swift; sourceTree = "<group>"; };
		B50D30F02C3315CD00AE8880 /* TextInputView.swift */ = {isa = PBXFileReference; lastKnownFileType = sourcecode.swift; path = TextInputView.swift; sourceTree = "<group>"; };
		B50D30F22C33166600AE8880 /* SearchBar.swift */ = {isa = PBXFileReference; lastKnownFileType = sourcecode.swift; path = SearchBar.swift; sourceTree = "<group>"; };
		B50D30F42C331E2B00AE8880 /* DateFieldView.swift */ = {isa = PBXFileReference; lastKnownFileType = sourcecode.swift; path = DateFieldView.swift; sourceTree = "<group>"; };
		B50D30F62C33284800AE8880 /* WarningMessageView.swift */ = {isa = PBXFileReference; lastKnownFileType = sourcecode.swift; path = WarningMessageView.swift; sourceTree = "<group>"; };
		B50D30FB2C34F13300AE8880 /* PickerField.swift */ = {isa = PBXFileReference; lastKnownFileType = sourcecode.swift; path = PickerField.swift; sourceTree = "<group>"; };
		B50D30FD2C35CF9900AE8880 /* DateFilterPicker.swift */ = {isa = PBXFileReference; lastKnownFileType = sourcecode.swift; path = DateFilterPicker.swift; sourceTree = "<group>"; };
		B50D30FF2C38EB0200AE8880 /* ContentUnavailableView.swift */ = {isa = PBXFileReference; lastKnownFileType = sourcecode.swift; path = ContentUnavailableView.swift; sourceTree = "<group>"; };
		B50D31012C38F1D800AE8880 /* MockAuthManager.swift */ = {isa = PBXFileReference; lastKnownFileType = sourcecode.swift; path = MockAuthManager.swift; sourceTree = "<group>"; };
		B50D31032C3CDDA100AE8880 /* PasswordInput.swift */ = {isa = PBXFileReference; lastKnownFileType = sourcecode.swift; path = PasswordInput.swift; sourceTree = "<group>"; };
		B50D31062C3CE33F00AE8880 /* SignupForm.swift */ = {isa = PBXFileReference; lastKnownFileType = sourcecode.swift; path = SignupForm.swift; sourceTree = "<group>"; };
		B559AD8B2C10162900CE4CF1 /* Local.xcconfig */ = {isa = PBXFileReference; lastKnownFileType = text.xcconfig; path = Local.xcconfig; sourceTree = "<group>"; };
		B559AD8C2C10163400CE4CF1 /* Test.xcconfig */ = {isa = PBXFileReference; lastKnownFileType = text.xcconfig; path = Test.xcconfig; sourceTree = "<group>"; };
		B559AD8D2C10164700CE4CF1 /* Prod.xcconfig */ = {isa = PBXFileReference; lastKnownFileType = text.xcconfig; path = Prod.xcconfig; sourceTree = "<group>"; };
		B559AD902C1116D100CE4CF1 /* LoadingOverlay.swift */ = {isa = PBXFileReference; lastKnownFileType = sourcecode.swift; path = LoadingOverlay.swift; sourceTree = "<group>"; };
		B59BD5EE2C112A900027E599 /* Auth.swift */ = {isa = PBXFileReference; lastKnownFileType = sourcecode.swift; path = Auth.swift; sourceTree = "<group>"; };
		B59BD5F02C1130A90027E599 /* Info.plist */ = {isa = PBXFileReference; lastKnownFileType = text.plist.xml; path = Info.plist; sourceTree = "<group>"; };
		B59BD5F12C113CE90027E599 /* AuthManager.swift */ = {isa = PBXFileReference; lastKnownFileType = sourcecode.swift; path = AuthManager.swift; sourceTree = "<group>"; };
		B59BD5F32C1154BC0027E599 /* CommonDataManager.swift */ = {isa = PBXFileReference; lastKnownFileType = sourcecode.swift; path = CommonDataManager.swift; sourceTree = "<group>"; };
		B59BD5F52C1163A80027E599 /* ExpenseDataManager.swift */ = {isa = PBXFileReference; lastKnownFileType = sourcecode.swift; path = ExpenseDataManager.swift; sourceTree = "<group>"; };
		B59BD5F82C1172ED0027E599 /* DateFormatter.swift */ = {isa = PBXFileReference; lastKnownFileType = sourcecode.swift; path = DateFormatter.swift; sourceTree = "<group>"; };
		B59BD5FB2C11837A0027E599 /* user.json */ = {isa = PBXFileReference; lastKnownFileType = text.json; path = user.json; sourceTree = "<group>"; };
		B59BD5FD2C1184110027E599 /* DataLoader.swift */ = {isa = PBXFileReference; lastKnownFileType = sourcecode.swift; path = DataLoader.swift; sourceTree = "<group>"; };
		B59BD6032C11AFD20027E599 /* FilePicker.swift */ = {isa = PBXFileReference; lastKnownFileType = sourcecode.swift; path = FilePicker.swift; sourceTree = "<group>"; };
		B59BD6052C11B86C0027E599 /* ImagePicker.swift */ = {isa = PBXFileReference; lastKnownFileType = sourcecode.swift; path = ImagePicker.swift; sourceTree = "<group>"; };
		B59BD6072C123DE00027E599 /* Utilities.swift */ = {isa = PBXFileReference; lastKnownFileType = sourcecode.swift; path = Utilities.swift; sourceTree = "<group>"; };
		B59BD6092C1B70A70027E599 /* VerifyMFAView.swift */ = {isa = PBXFileReference; lastKnownFileType = sourcecode.swift; path = VerifyMFAView.swift; sourceTree = "<group>"; };
		B59BD60B2C1B7B4B0027E599 /* Inter.ttf */ = {isa = PBXFileReference; lastKnownFileType = file; path = Inter.ttf; sourceTree = "<group>"; };
		B59BD60D2C1B7BF30027E599 /* Poppins.ttf */ = {isa = PBXFileReference; lastKnownFileType = file; path = Poppins.ttf; sourceTree = "<group>"; };
		B59BD60F2C1B7C540027E599 /* Poppins-Bold.ttf */ = {isa = PBXFileReference; lastKnownFileType = file; path = "Poppins-Bold.ttf"; sourceTree = "<group>"; };
		B59BD6242C28EB3F0027E599 /* PhoneNumberInput.swift */ = {isa = PBXFileReference; lastKnownFileType = sourcecode.swift; path = PhoneNumberInput.swift; sourceTree = "<group>"; };
		B59BD62C2C28ED9D0027E599 /* KeyChainHelper.swift */ = {isa = PBXFileReference; lastKnownFileType = sourcecode.swift; path = KeyChainHelper.swift; sourceTree = "<group>"; };
		B59BD62E2C290A680027E599 /* AmountsComponent.swift */ = {isa = PBXFileReference; lastKnownFileType = sourcecode.swift; path = AmountsComponent.swift; sourceTree = "<group>"; };
		B59BD6302C2923510027E599 /* CurrencyPicker.swift */ = {isa = PBXFileReference; lastKnownFileType = sourcecode.swift; path = CurrencyPicker.swift; sourceTree = "<group>"; };
		B59BD6322C2940900027E599 /* Timeline.swift */ = {isa = PBXFileReference; lastKnownFileType = sourcecode.swift; path = Timeline.swift; sourceTree = "<group>"; };
/* End PBXFileReference section */

/* Begin PBXFrameworksBuildPhase section */
		0FCD00A02C08CAAF00A49C62 /* Frameworks */ = {
			isa = PBXFrameworksBuildPhase;
			buildActionMask = 2147483647;
			files = (
				B59BD6372C2B3B0E0027E599 /* JWTDecode in Frameworks */,
				B50D30E22C2DF34700AE8880 /* SwiftMessages in Frameworks */,
				B59BD6352C2B3B040027E599 /* PhoneNumberKit in Frameworks */,
				B50D30FA2C34E37000AE8880 /* FormValidator in Frameworks */,
			);
			runOnlyForDeploymentPostprocessing = 0;
		};
/* End PBXFrameworksBuildPhase section */

/* Begin PBXGroup section */
		0F4684D32C28C68B00406B9A /* Pickers */ = {
			isa = PBXGroup;
			children = (
				0F4684D12C2874FB00406B9A /* AirlinePickerView.swift */,
				0F4684D42C28C6A900406B9A /* carRentalPickerView.swift */,
				0F4684D62C28C91100406B9A /* CarTypesPickerView.swift */,
				0F4684D82C28CA9100406B9A /* MealCategoriesPickerView.swift */,
				0F4684DA2C28CDA700406B9A /* RelashionshipToPaiPickerView.swift */,
				0F4684DC2C28D44100406B9A /* HotelBaseRatePickerView.swift */,
				0F4684DE2C28D5C300406B9A /* MileageRatePickerView.swift */,
				B59BD6242C28EB3F0027E599 /* PhoneNumberInput.swift */,
				B59BD6302C2923510027E599 /* CurrencyPicker.swift */,
				B50D30DC2C2CDA4E00AE8880 /* FilePickerButton.swift */,
				B50D30E72C2E107F00AE8880 /* Toggle.swift */,
				B50D30EE2C330C3000AE8880 /* CityPickerView.swift */,
				B50D30F02C3315CD00AE8880 /* TextInputView.swift */,
				B50D30F22C33166600AE8880 /* SearchBar.swift */,
				B50D30F42C331E2B00AE8880 /* DateFieldView.swift */,
				B50D30FB2C34F13300AE8880 /* PickerField.swift */,
				B50D30FD2C35CF9900AE8880 /* DateFilterPicker.swift */,
				B50D31032C3CDDA100AE8880 /* PasswordInput.swift */,
			);
			path = Pickers;
			sourceTree = "<group>";
		};
		0FCD009A2C08CAAF00A49C62 = {
			isa = PBXGroup;
			children = (
				0FCD00A52C08CAAF00A49C62 /* ExpenseManagement */,
				0FCD00A42C08CAAF00A49C62 /* Products */,
			);
			sourceTree = "<group>";
		};
		0FCD00A42C08CAAF00A49C62 /* Products */ = {
			isa = PBXGroup;
			children = (
				0FCD00A32C08CAAF00A49C62 /* ExpenseManagement.app */,
			);
			name = Products;
			sourceTree = "<group>";
		};
		0FCD00A52C08CAAF00A49C62 /* ExpenseManagement */ = {
			isa = PBXGroup;
			children = (
				B50D31052C3CE32D00AE8880 /* Forms */,
				B50D30EB2C313BC700AE8880 /* Mocks */,
				B50D30D72C2B463100AE8880 /* Extensions */,
				0F4684D32C28C68B00406B9A /* Pickers */,
				B59BD5F72C1172C00027E599 /* Utils */,
				B59BD5F02C1130A90027E599 /* Info.plist */,
				0FCD00D32C0A3E3600A49C62 /* Models */,
				0FCD00CE2C0A361700A49C62 /* Data */,
				0FCD00C02C0A33D100A49C62 /* DAO */,
				0FCD00BB2C08E65700A49C62 /* Components */,
				0FCD00B42C08D8D600A49C62 /* Views */,
				0FCD00A62C08CAAF00A49C62 /* ExpenseManagementApp.swift */,
				0FCD00AA2C08CAB000A49C62 /* Assets.xcassets */,
				0FCD00AC2C08CAB000A49C62 /* Preview Content */,
				B559AD8B2C10162900CE4CF1 /* Local.xcconfig */,
				B559AD8C2C10163400CE4CF1 /* Test.xcconfig */,
				B559AD8D2C10164700CE4CF1 /* Prod.xcconfig */,
				B59BD60B2C1B7B4B0027E599 /* Inter.ttf */,
				B59BD60D2C1B7BF30027E599 /* Poppins.ttf */,
				B59BD60F2C1B7C540027E599 /* Poppins-Bold.ttf */,
				0F1AB6552C1CE3AA003DA6BE /* Nunito.ttf */,
			);
			path = ExpenseManagement;
			sourceTree = "<group>";
		};
		0FCD00AC2C08CAB000A49C62 /* Preview Content */ = {
			isa = PBXGroup;
			children = (
				0FCD00AD2C08CAB000A49C62 /* Preview Assets.xcassets */,
			);
			path = "Preview Content";
			sourceTree = "<group>";
		};
		0FCD00B42C08D8D600A49C62 /* Views */ = {
			isa = PBXGroup;
			children = (
				0FCD00A82C08CAAF00A49C62 /* ContentView.swift */,
				0FCD00D12C0A3AC400A49C62 /* ReportsView.swift */,
				0FCD00B72C08D91500A49C62 /* SignInView.swift */,
				0FCD00B92C08D92000A49C62 /* SignUpView.swift */,
				0FCD00B52C08D90900A49C62 /* WelcomeView.swift */,
				0FCD00D42C0A3FE100A49C62 /* TabViewContainer.swift */,
				0FCD00D62C0A403900A49C62 /* UserView.swift */,
				0FCD00DA2C0A53E900A49C62 /* ReportsDetailView.swift */,
				0FCD00DC2C0BE28200A49C62 /* ManagePaymentView.swift */,
				0FCD00DE2C0CD5A800A49C62 /* NewCreditCardForm.swift */,
				0FCD00E22C0D28B800A49C62 /* NewExpenseForm.swift */,
				0FCD00E42C0D2B1400A49C62 /* NewReportView.swift */,
				B559AD902C1116D100CE4CF1 /* LoadingOverlay.swift */,
				B59BD6032C11AFD20027E599 /* FilePicker.swift */,
				B59BD6052C11B86C0027E599 /* ImagePicker.swift */,
				B59BD6092C1B70A70027E599 /* VerifyMFAView.swift */,
				0FBD331B2C21E388000502B0 /* SelectTypeForm.swift */,
				0F4684E02C2A378500406B9A /* EditExpenseForm.swift */,
				B50D30F62C33284800AE8880 /* WarningMessageView.swift */,
				B50D30FF2C38EB0200AE8880 /* ContentUnavailableView.swift */,
			);
			path = Views;
			sourceTree = "<group>";
		};
		0FCD00BB2C08E65700A49C62 /* Components */ = {
			isa = PBXGroup;
			children = (
				0FCD00BC2C08E66500A49C62 /* BackgroundImage.swift */,
				0FCD00BE2C08E69300A49C62 /* PFULogo.swift */,
				0FCD00D82C0A51AB00A49C62 /* ReportComponent.swift */,
				0FCD00E02C0CE91600A49C62 /* ExpenseComponent.swift */,
				B59BD62E2C290A680027E599 /* AmountsComponent.swift */,
				B59BD6322C2940900027E599 /* Timeline.swift */,
				B50D30DA2C2B489C00AE8880 /* StatusDisplay.swift */,
				B50D30DE2C2DF2FA00AE8880 /* MessagesProvider.swift */,
				B50D30E32C2DF4D400AE8880 /* GlobalStateManager.swift */,
				B50D30E52C2DFA4D00AE8880 /* BiometricAuthenticationProvider.swift */,
			);
			path = Components;
			sourceTree = "<group>";
		};
		0FCD00C02C0A33D100A49C62 /* DAO */ = {
			isa = PBXGroup;
			children = (
				0FCD00C12C0A33DA00A49C62 /* DAO.swift */,
				B59BD5F12C113CE90027E599 /* AuthManager.swift */,
				B59BD5F32C1154BC0027E599 /* CommonDataManager.swift */,
				B59BD5F52C1163A80027E599 /* ExpenseDataManager.swift */,
				B59BD5FD2C1184110027E599 /* DataLoader.swift */,
				B59BD62C2C28ED9D0027E599 /* KeyChainHelper.swift */,
				0F756A502C3C41AD006F7504 /* FormValidatorManager.swift */,
			);
			path = DAO;
			sourceTree = "<group>";
		};
		0FCD00CE2C0A361700A49C62 /* Data */ = {
			isa = PBXGroup;
			children = (
				0FCD00CF2C0A362B00A49C62 /* mockData.json */,
				0FFCC9822C0FA0A0003CBEC1 /* reports.json */,
				0FFCC9842C0FA0A8003CBEC1 /* report_items.json */,
				0FFCC9862C0FA0B0003CBEC1 /* commons.json */,
				0FFCC9882C0FD4C1003CBEC1 /* rates.json */,
				0FFCC98A2C0FD4F6003CBEC1 /* citiesAmounts.json */,
				0FFCC98C2C0FD50D003CBEC1 /* allCities.json */,
				B59BD5FB2C11837A0027E599 /* user.json */,
				0F1AB6592C1F9DE8003DA6BE /* airLines.json */,
			);
			path = Data;
			sourceTree = "<group>";
		};
		0FCD00D32C0A3E3600A49C62 /* Models */ = {
			isa = PBXGroup;
			children = (
				B59BD5EE2C112A900027E599 /* Auth.swift */,
				0FCD00CC2C0A350900A49C62 /* Models.swift */,
			);
			path = Models;
			sourceTree = "<group>";
		};
		B50D30D72C2B463100AE8880 /* Extensions */ = {
			isa = PBXGroup;
			children = (
				B50D30D82C2B464F00AE8880 /* ViewExtensions.swift */,
			);
			path = Extensions;
			sourceTree = "<group>";
		};
		B50D30EB2C313BC700AE8880 /* Mocks */ = {
			isa = PBXGroup;
			children = (
				B50D30EC2C313BFC00AE8880 /* MockCommonDataManager.swift */,
				B50D31012C38F1D800AE8880 /* MockAuthManager.swift */,
			);
			path = Mocks;
			sourceTree = "<group>";
		};
		B50D31052C3CE32D00AE8880 /* Forms */ = {
			isa = PBXGroup;
			children = (
				B50D31062C3CE33F00AE8880 /* SignupForm.swift */,
			);
			path = Forms;
			sourceTree = "<group>";
		};
		B59BD5F72C1172C00027E599 /* Utils */ = {
			isa = PBXGroup;
			children = (
				B59BD5F82C1172ED0027E599 /* DateFormatter.swift */,
				B59BD6072C123DE00027E599 /* Utilities.swift */,
			);
			path = Utils;
			sourceTree = "<group>";
		};
/* End PBXGroup section */

/* Begin PBXNativeTarget section */
		0FCD00A22C08CAAF00A49C62 /* ExpenseManagement */ = {
			isa = PBXNativeTarget;
			buildConfigurationList = 0FCD00B12C08CAB000A49C62 /* Build configuration list for PBXNativeTarget "ExpenseManagement" */;
			buildPhases = (
				0FCD009F2C08CAAF00A49C62 /* Sources */,
				0FCD00A02C08CAAF00A49C62 /* Frameworks */,
				0FCD00A12C08CAAF00A49C62 /* Resources */,
			);
			buildRules = (
			);
			dependencies = (
			);
			name = ExpenseManagement;
			packageProductDependencies = (
				B59BD6342C2B3B040027E599 /* PhoneNumberKit */,
				B59BD6362C2B3B0E0027E599 /* JWTDecode */,
				B50D30E12C2DF34700AE8880 /* SwiftMessages */,
				B50D30F92C34E37000AE8880 /* FormValidator */,
			);
			productName = ExpenseManagement;
			productReference = 0FCD00A32C08CAAF00A49C62 /* ExpenseManagement.app */;
			productType = "com.apple.product-type.application";
		};
/* End PBXNativeTarget section */

/* Begin PBXProject section */
		0FCD009B2C08CAAF00A49C62 /* Project object */ = {
			isa = PBXProject;
			attributes = {
				BuildIndependentTargetsInParallel = 1;
				LastSwiftUpdateCheck = 1520;
				LastUpgradeCheck = 1520;
				TargetAttributes = {
					0FCD00A22C08CAAF00A49C62 = {
						CreatedOnToolsVersion = 15.2;
					};
				};
			};
			buildConfigurationList = 0FCD009E2C08CAAF00A49C62 /* Build configuration list for PBXProject "ExpenseManagement" */;
			compatibilityVersion = "Xcode 14.0";
			developmentRegion = en;
			hasScannedForEncodings = 0;
			knownRegions = (
				en,
				Base,
			);
			mainGroup = 0FCD009A2C08CAAF00A49C62;
			packageReferences = (
				B59BD6262C28ECCE0027E599 /* XCRemoteSwiftPackageReference "JWTDecode" */,
				B59BD6292C28ECE10027E599 /* XCRemoteSwiftPackageReference "PhoneNumberKit" */,
				B50D30E02C2DF34700AE8880 /* XCRemoteSwiftPackageReference "SwiftMessages" */,
				B50D30F82C34E37000AE8880 /* XCRemoteSwiftPackageReference "SwiftUIFormValidator" */,
			);
			productRefGroup = 0FCD00A42C08CAAF00A49C62 /* Products */;
			projectDirPath = "";
			projectRoot = "";
			targets = (
				0FCD00A22C08CAAF00A49C62 /* ExpenseManagement */,
			);
		};
/* End PBXProject section */

/* Begin PBXResourcesBuildPhase section */
		0FCD00A12C08CAAF00A49C62 /* Resources */ = {
			isa = PBXResourcesBuildPhase;
			buildActionMask = 2147483647;
			files = (
				0FFCC9872C0FA0B0003CBEC1 /* commons.json in Resources */,
				0FCD00D02C0A362B00A49C62 /* mockData.json in Resources */,
				0FFCC98B2C0FD4F6003CBEC1 /* citiesAmounts.json in Resources */,
				B59BD60E2C1B7BF30027E599 /* Poppins.ttf in Resources */,
				0FCD00AE2C08CAB000A49C62 /* Preview Assets.xcassets in Resources */,
				B59BD5FC2C11837A0027E599 /* user.json in Resources */,
				B59BD60C2C1B7B4B0027E599 /* Inter.ttf in Resources */,
				0FFCC9852C0FA0A8003CBEC1 /* report_items.json in Resources */,
				B59BD6102C1B7C540027E599 /* Poppins-Bold.ttf in Resources */,
				0FCD00AB2C08CAB000A49C62 /* Assets.xcassets in Resources */,
				0F1AB65A2C1F9DE8003DA6BE /* airLines.json in Resources */,
				0FFCC9832C0FA0A0003CBEC1 /* reports.json in Resources */,
				0FFCC98D2C0FD50D003CBEC1 /* allCities.json in Resources */,
				0F1AB6562C1CE3AA003DA6BE /* Nunito.ttf in Resources */,
				0FFCC9892C0FD4C1003CBEC1 /* rates.json in Resources */,
			);
			runOnlyForDeploymentPostprocessing = 0;
		};
/* End PBXResourcesBuildPhase section */

/* Begin PBXSourcesBuildPhase section */
		0FCD009F2C08CAAF00A49C62 /* Sources */ = {
			isa = PBXSourcesBuildPhase;
			buildActionMask = 2147483647;
			files = (
				B59BD5F42C1154BC0027E599 /* CommonDataManager.swift in Sources */,
				0FCD00D52C0A3FE100A49C62 /* TabViewContainer.swift in Sources */,
				B59BD5F22C113CE90027E599 /* AuthManager.swift in Sources */,
				0FCD00C22C0A33DA00A49C62 /* DAO.swift in Sources */,
				0FBD331C2C21E388000502B0 /* SelectTypeForm.swift in Sources */,
				B59BD6082C123DE00027E599 /* Utilities.swift in Sources */,
				B50D30FC2C34F13300AE8880 /* PickerField.swift in Sources */,
				B59BD5F92C1172ED0027E599 /* DateFormatter.swift in Sources */,
				0F4684D72C28C91100406B9A /* CarTypesPickerView.swift in Sources */,
				0F4684D22C2874FB00406B9A /* AirlinePickerView.swift in Sources */,
				B59BD6042C11AFD20027E599 /* FilePicker.swift in Sources */,
				B50D30D92C2B464F00AE8880 /* ViewExtensions.swift in Sources */,
				B50D30E82C2E107F00AE8880 /* Toggle.swift in Sources */,
				0FCD00A92C08CAAF00A49C62 /* ContentView.swift in Sources */,
				0FCD00BA2C08D92000A49C62 /* SignUpView.swift in Sources */,
				0FCD00E52C0D2B1400A49C62 /* NewReportView.swift in Sources */,
				B59BD5FE2C1184110027E599 /* DataLoader.swift in Sources */,
				B50D30ED2C313BFC00AE8880 /* MockCommonDataManager.swift in Sources */,
				B50D30E42C2DF4D400AE8880 /* GlobalStateManager.swift in Sources */,
				B50D30F72C33284800AE8880 /* WarningMessageView.swift in Sources */,
				0FCD00B62C08D90900A49C62 /* WelcomeView.swift in Sources */,
				0FCD00DF2C0CD5A800A49C62 /* NewCreditCardForm.swift in Sources */,
				B59BD6312C2923510027E599 /* CurrencyPicker.swift in Sources */,
				B59BD62F2C290A680027E599 /* AmountsComponent.swift in Sources */,
				B59BD6332C2940900027E599 /* Timeline.swift in Sources */,
				0FCD00E12C0CE91600A49C62 /* ExpenseComponent.swift in Sources */,
				0F4684D92C28CA9100406B9A /* MealCategoriesPickerView.swift in Sources */,
				0F4684DB2C28CDA700406B9A /* RelashionshipToPaiPickerView.swift in Sources */,
				B59BD6252C28EB3F0027E599 /* PhoneNumberInput.swift in Sources */,
				B50D30E62C2DFA4D00AE8880 /* BiometricAuthenticationProvider.swift in Sources */,
				B50D30DB2C2B489C00AE8880 /* StatusDisplay.swift in Sources */,
				0FCD00DD2C0BE28200A49C62 /* ManagePaymentView.swift in Sources */,
				B50D30F12C3315CD00AE8880 /* TextInputView.swift in Sources */,
				B50D30DF2C2DF2FA00AE8880 /* MessagesProvider.swift in Sources */,
				0F756A512C3C41AD006F7504 /* FormValidatorManager.swift in Sources */,
				B50D30EF2C330C3000AE8880 /* CityPickerView.swift in Sources */,
				0FCD00DB2C0A53E900A49C62 /* ReportsDetailView.swift in Sources */,
				B50D30DD2C2CDA4E00AE8880 /* FilePickerButton.swift in Sources */,
				0FCD00E32C0D28B800A49C62 /* NewExpenseForm.swift in Sources */,
				B50D31072C3CE33F00AE8880 /* SignupForm.swift in Sources */,
				B559AD912C1116D100CE4CF1 /* LoadingOverlay.swift in Sources */,
				B50D30F52C331E2B00AE8880 /* DateFieldView.swift in Sources */,
				B50D31022C38F1D800AE8880 /* MockAuthManager.swift in Sources */,
				0F4684DF2C28D5C300406B9A /* MileageRatePickerView.swift in Sources */,
				B59BD60A2C1B70A70027E599 /* VerifyMFAView.swift in Sources */,
				0FCD00BF2C08E69300A49C62 /* PFULogo.swift in Sources */,
				0F4684E12C2A378500406B9A /* EditExpenseForm.swift in Sources */,
				0FCD00D92C0A51AB00A49C62 /* ReportComponent.swift in Sources */,
				0FCD00BD2C08E66500A49C62 /* BackgroundImage.swift in Sources */,
				0FCD00D72C0A403900A49C62 /* UserView.swift in Sources */,
				0F4684DD2C28D44100406B9A /* HotelBaseRatePickerView.swift in Sources */,
				B59BD62D2C28ED9D0027E599 /* KeyChainHelper.swift in Sources */,
				B50D31002C38EB0200AE8880 /* ContentUnavailableView.swift in Sources */,
				B59BD5EF2C112A900027E599 /* Auth.swift in Sources */,
				0FCD00D22C0A3AC400A49C62 /* ReportsView.swift in Sources */,
				B59BD5F62C1163A80027E599 /* ExpenseDataManager.swift in Sources */,
				0FCD00CD2C0A350900A49C62 /* Models.swift in Sources */,
				B59BD6062C11B86C0027E599 /* ImagePicker.swift in Sources */,
				B50D30F32C33166600AE8880 /* SearchBar.swift in Sources */,
				B50D31042C3CDDA100AE8880 /* PasswordInput.swift in Sources */,
				B50D30FE2C35CF9900AE8880 /* DateFilterPicker.swift in Sources */,
				0FCD00B82C08D91500A49C62 /* SignInView.swift in Sources */,
				0F4684D52C28C6A900406B9A /* carRentalPickerView.swift in Sources */,
				0FCD00A72C08CAAF00A49C62 /* ExpenseManagementApp.swift in Sources */,
			);
			runOnlyForDeploymentPostprocessing = 0;
		};
/* End PBXSourcesBuildPhase section */

/* Begin XCBuildConfiguration section */
		0FCD00AF2C08CAB000A49C62 /* Debug */ = {
			isa = XCBuildConfiguration;
			baseConfigurationReference = B559AD8B2C10162900CE4CF1 /* Local.xcconfig */;
			buildSettings = {
				ALWAYS_SEARCH_USER_PATHS = NO;
				ASSETCATALOG_COMPILER_GENERATE_SWIFT_ASSET_SYMBOL_EXTENSIONS = YES;
				CLANG_ANALYZER_NONNULL = YES;
				CLANG_ANALYZER_NUMBER_OBJECT_CONVERSION = YES_AGGRESSIVE;
				CLANG_CXX_LANGUAGE_STANDARD = "gnu++20";
				CLANG_ENABLE_MODULES = YES;
				CLANG_ENABLE_OBJC_ARC = YES;
				CLANG_ENABLE_OBJC_WEAK = YES;
				CLANG_WARN_BLOCK_CAPTURE_AUTORELEASING = YES;
				CLANG_WARN_BOOL_CONVERSION = YES;
				CLANG_WARN_COMMA = YES;
				CLANG_WARN_CONSTANT_CONVERSION = YES;
				CLANG_WARN_DEPRECATED_OBJC_IMPLEMENTATIONS = YES;
				CLANG_WARN_DIRECT_OBJC_ISA_USAGE = YES_ERROR;
				CLANG_WARN_DOCUMENTATION_COMMENTS = YES;
				CLANG_WARN_EMPTY_BODY = YES;
				CLANG_WARN_ENUM_CONVERSION = YES;
				CLANG_WARN_INFINITE_RECURSION = YES;
				CLANG_WARN_INT_CONVERSION = YES;
				CLANG_WARN_NON_LITERAL_NULL_CONVERSION = YES;
				CLANG_WARN_OBJC_IMPLICIT_RETAIN_SELF = YES;
				CLANG_WARN_OBJC_LITERAL_CONVERSION = YES;
				CLANG_WARN_OBJC_ROOT_CLASS = YES_ERROR;
				CLANG_WARN_QUOTED_INCLUDE_IN_FRAMEWORK_HEADER = YES;
				CLANG_WARN_RANGE_LOOP_ANALYSIS = YES;
				CLANG_WARN_STRICT_PROTOTYPES = YES;
				CLANG_WARN_SUSPICIOUS_MOVE = YES;
				CLANG_WARN_UNGUARDED_AVAILABILITY = YES_AGGRESSIVE;
				CLANG_WARN_UNREACHABLE_CODE = YES;
				CLANG_WARN__DUPLICATE_METHOD_MATCH = YES;
				COPY_PHASE_STRIP = NO;
				DEBUG_INFORMATION_FORMAT = dwarf;
				ENABLE_STRICT_OBJC_MSGSEND = YES;
				ENABLE_TESTABILITY = YES;
				ENABLE_USER_SCRIPT_SANDBOXING = YES;
				GCC_C_LANGUAGE_STANDARD = gnu17;
				GCC_DYNAMIC_NO_PIC = NO;
				GCC_NO_COMMON_BLOCKS = YES;
				GCC_OPTIMIZATION_LEVEL = 0;
				GCC_PREPROCESSOR_DEFINITIONS = (
					"DEBUG=1",
					"$(inherited)",
				);
				GCC_WARN_64_TO_32_BIT_CONVERSION = YES;
				GCC_WARN_ABOUT_RETURN_TYPE = YES_ERROR;
				GCC_WARN_UNDECLARED_SELECTOR = YES;
				GCC_WARN_UNINITIALIZED_AUTOS = YES_AGGRESSIVE;
				GCC_WARN_UNUSED_FUNCTION = YES;
				GCC_WARN_UNUSED_VARIABLE = YES;
				INFOPLIST_KEY_NSFaceIDUsageDescription = "We use Face ID to quickly log you into your account.";
				IPHONEOS_DEPLOYMENT_TARGET = 17.2;
				LOCALIZATION_PREFERS_STRING_CATALOGS = YES;
				MTL_ENABLE_DEBUG_INFO = INCLUDE_SOURCE;
				MTL_FAST_MATH = YES;
				ONLY_ACTIVE_ARCH = YES;
				SDKROOT = iphoneos;
				SWIFT_ACTIVE_COMPILATION_CONDITIONS = "DEBUG $(inherited)";
				SWIFT_OPTIMIZATION_LEVEL = "-Onone";
			};
			name = Debug;
		};
		0FCD00B02C08CAB000A49C62 /* Release */ = {
			isa = XCBuildConfiguration;
			baseConfigurationReference = B559AD8D2C10164700CE4CF1 /* Prod.xcconfig */;
			buildSettings = {
				ALWAYS_SEARCH_USER_PATHS = NO;
				ASSETCATALOG_COMPILER_GENERATE_SWIFT_ASSET_SYMBOL_EXTENSIONS = YES;
				CLANG_ANALYZER_NONNULL = YES;
				CLANG_ANALYZER_NUMBER_OBJECT_CONVERSION = YES_AGGRESSIVE;
				CLANG_CXX_LANGUAGE_STANDARD = "gnu++20";
				CLANG_ENABLE_MODULES = YES;
				CLANG_ENABLE_OBJC_ARC = YES;
				CLANG_ENABLE_OBJC_WEAK = YES;
				CLANG_WARN_BLOCK_CAPTURE_AUTORELEASING = YES;
				CLANG_WARN_BOOL_CONVERSION = YES;
				CLANG_WARN_COMMA = YES;
				CLANG_WARN_CONSTANT_CONVERSION = YES;
				CLANG_WARN_DEPRECATED_OBJC_IMPLEMENTATIONS = YES;
				CLANG_WARN_DIRECT_OBJC_ISA_USAGE = YES_ERROR;
				CLANG_WARN_DOCUMENTATION_COMMENTS = YES;
				CLANG_WARN_EMPTY_BODY = YES;
				CLANG_WARN_ENUM_CONVERSION = YES;
				CLANG_WARN_INFINITE_RECURSION = YES;
				CLANG_WARN_INT_CONVERSION = YES;
				CLANG_WARN_NON_LITERAL_NULL_CONVERSION = YES;
				CLANG_WARN_OBJC_IMPLICIT_RETAIN_SELF = YES;
				CLANG_WARN_OBJC_LITERAL_CONVERSION = YES;
				CLANG_WARN_OBJC_ROOT_CLASS = YES_ERROR;
				CLANG_WARN_QUOTED_INCLUDE_IN_FRAMEWORK_HEADER = YES;
				CLANG_WARN_RANGE_LOOP_ANALYSIS = YES;
				CLANG_WARN_STRICT_PROTOTYPES = YES;
				CLANG_WARN_SUSPICIOUS_MOVE = YES;
				CLANG_WARN_UNGUARDED_AVAILABILITY = YES_AGGRESSIVE;
				CLANG_WARN_UNREACHABLE_CODE = YES;
				CLANG_WARN__DUPLICATE_METHOD_MATCH = YES;
				COPY_PHASE_STRIP = NO;
				DEBUG_INFORMATION_FORMAT = "dwarf-with-dsym";
				ENABLE_NS_ASSERTIONS = NO;
				ENABLE_STRICT_OBJC_MSGSEND = YES;
				ENABLE_USER_SCRIPT_SANDBOXING = YES;
				GCC_C_LANGUAGE_STANDARD = gnu17;
				GCC_NO_COMMON_BLOCKS = YES;
				GCC_WARN_64_TO_32_BIT_CONVERSION = YES;
				GCC_WARN_ABOUT_RETURN_TYPE = YES_ERROR;
				GCC_WARN_UNDECLARED_SELECTOR = YES;
				GCC_WARN_UNINITIALIZED_AUTOS = YES_AGGRESSIVE;
				GCC_WARN_UNUSED_FUNCTION = YES;
				GCC_WARN_UNUSED_VARIABLE = YES;
				INFOPLIST_KEY_NSFaceIDUsageDescription = "We use Face ID to quickly log you into your account.";
				IPHONEOS_DEPLOYMENT_TARGET = 17.2;
				LOCALIZATION_PREFERS_STRING_CATALOGS = YES;
				MTL_ENABLE_DEBUG_INFO = NO;
				MTL_FAST_MATH = YES;
				SDKROOT = iphoneos;
				SWIFT_COMPILATION_MODE = wholemodule;
				VALIDATE_PRODUCT = YES;
			};
			name = Release;
		};
		0FCD00B22C08CAB000A49C62 /* Debug */ = {
			isa = XCBuildConfiguration;
			baseConfigurationReference = B559AD8B2C10162900CE4CF1 /* Local.xcconfig */;
			buildSettings = {
				ASSETCATALOG_COMPILER_APPICON_NAME = AppIcon;
				ASSETCATALOG_COMPILER_GLOBAL_ACCENT_COLOR_NAME = AccentColor;
				CODE_SIGN_STYLE = Automatic;
				CURRENT_PROJECT_VERSION = 1;
				DEVELOPMENT_ASSET_PATHS = "\"ExpenseManagement/Preview Content\"";
				DEVELOPMENT_TEAM = RCZ5P2WV27;
				ENABLE_PREVIEWS = YES;
				GENERATE_INFOPLIST_FILE = YES;
				INFOPLIST_FILE = ExpenseManagement/Info.plist;
				INFOPLIST_KEY_LSApplicationCategoryType = "";
				INFOPLIST_KEY_NSFaceIDUsageDescription = "We use Face ID to quickly log you into your account.";
				INFOPLIST_KEY_UIApplicationSceneManifest_Generation = YES;
				INFOPLIST_KEY_UIApplicationSupportsIndirectInputEvents = YES;
				INFOPLIST_KEY_UILaunchScreen_Generation = YES;
				INFOPLIST_KEY_UISupportedInterfaceOrientations = UIInterfaceOrientationPortrait;
				INFOPLIST_KEY_UISupportedInterfaceOrientations_iPad = "UIInterfaceOrientationLandscapeLeft UIInterfaceOrientationLandscapeRight UIInterfaceOrientationPortrait UIInterfaceOrientationPortraitUpsideDown";
				INFOPLIST_KEY_UIUserInterfaceStyle = Light;
				LD_RUNPATH_SEARCH_PATHS = (
					"$(inherited)",
					"@executable_path/Frameworks",
				);
				MARKETING_VERSION = 1.0;
				PRODUCT_BUNDLE_IDENTIFIER = "pfu.us.ricoh.expense-management";
				PRODUCT_NAME = "$(TARGET_NAME)";
				SWIFT_EMIT_LOC_STRINGS = YES;
				SWIFT_VERSION = 5.0;
				TARGETED_DEVICE_FAMILY = 1;
			};
			name = Debug;
		};
		0FCD00B32C08CAB000A49C62 /* Release */ = {
			isa = XCBuildConfiguration;
			baseConfigurationReference = B559AD8D2C10164700CE4CF1 /* Prod.xcconfig */;
			buildSettings = {
				ASSETCATALOG_COMPILER_APPICON_NAME = AppIcon;
				ASSETCATALOG_COMPILER_GLOBAL_ACCENT_COLOR_NAME = AccentColor;
				CODE_SIGN_STYLE = Automatic;
				CURRENT_PROJECT_VERSION = 1;
				DEVELOPMENT_ASSET_PATHS = "\"ExpenseManagement/Preview Content\"";
				DEVELOPMENT_TEAM = 973F3TA6FW;
				ENABLE_PREVIEWS = YES;
				GENERATE_INFOPLIST_FILE = YES;
				INFOPLIST_FILE = ExpenseManagement/Info.plist;
				INFOPLIST_KEY_LSApplicationCategoryType = "";
				INFOPLIST_KEY_NSFaceIDUsageDescription = "We use Face ID to quickly log you into your account.";
				INFOPLIST_KEY_UIApplicationSceneManifest_Generation = YES;
				INFOPLIST_KEY_UIApplicationSupportsIndirectInputEvents = YES;
				INFOPLIST_KEY_UILaunchScreen_Generation = YES;
				INFOPLIST_KEY_UISupportedInterfaceOrientations = UIInterfaceOrientationPortrait;
				INFOPLIST_KEY_UISupportedInterfaceOrientations_iPad = "UIInterfaceOrientationLandscapeLeft UIInterfaceOrientationLandscapeRight UIInterfaceOrientationPortrait UIInterfaceOrientationPortraitUpsideDown";
				INFOPLIST_KEY_UIUserInterfaceStyle = Light;
				LD_RUNPATH_SEARCH_PATHS = (
					"$(inherited)",
					"@executable_path/Frameworks",
				);
				MARKETING_VERSION = 1.0;
				PRODUCT_BUNDLE_IDENTIFIER = "pfu.us.ricoh.expense-management";
				PRODUCT_NAME = "$(TARGET_NAME)";
				SWIFT_EMIT_LOC_STRINGS = YES;
				SWIFT_VERSION = 5.0;
				TARGETED_DEVICE_FAMILY = 1;
			};
			name = Release;
		};
		B559AD8E2C10181B00CE4CF1 /* Test */ = {
			isa = XCBuildConfiguration;
			baseConfigurationReference = B559AD8C2C10163400CE4CF1 /* Test.xcconfig */;
			buildSettings = {
				ALWAYS_SEARCH_USER_PATHS = NO;
				ASSETCATALOG_COMPILER_GENERATE_SWIFT_ASSET_SYMBOL_EXTENSIONS = YES;
				CLANG_ANALYZER_NONNULL = YES;
				CLANG_ANALYZER_NUMBER_OBJECT_CONVERSION = YES_AGGRESSIVE;
				CLANG_CXX_LANGUAGE_STANDARD = "gnu++20";
				CLANG_ENABLE_MODULES = YES;
				CLANG_ENABLE_OBJC_ARC = YES;
				CLANG_ENABLE_OBJC_WEAK = YES;
				CLANG_WARN_BLOCK_CAPTURE_AUTORELEASING = YES;
				CLANG_WARN_BOOL_CONVERSION = YES;
				CLANG_WARN_COMMA = YES;
				CLANG_WARN_CONSTANT_CONVERSION = YES;
				CLANG_WARN_DEPRECATED_OBJC_IMPLEMENTATIONS = YES;
				CLANG_WARN_DIRECT_OBJC_ISA_USAGE = YES_ERROR;
				CLANG_WARN_DOCUMENTATION_COMMENTS = YES;
				CLANG_WARN_EMPTY_BODY = YES;
				CLANG_WARN_ENUM_CONVERSION = YES;
				CLANG_WARN_INFINITE_RECURSION = YES;
				CLANG_WARN_INT_CONVERSION = YES;
				CLANG_WARN_NON_LITERAL_NULL_CONVERSION = YES;
				CLANG_WARN_OBJC_IMPLICIT_RETAIN_SELF = YES;
				CLANG_WARN_OBJC_LITERAL_CONVERSION = YES;
				CLANG_WARN_OBJC_ROOT_CLASS = YES_ERROR;
				CLANG_WARN_QUOTED_INCLUDE_IN_FRAMEWORK_HEADER = YES;
				CLANG_WARN_RANGE_LOOP_ANALYSIS = YES;
				CLANG_WARN_STRICT_PROTOTYPES = YES;
				CLANG_WARN_SUSPICIOUS_MOVE = YES;
				CLANG_WARN_UNGUARDED_AVAILABILITY = YES_AGGRESSIVE;
				CLANG_WARN_UNREACHABLE_CODE = YES;
				CLANG_WARN__DUPLICATE_METHOD_MATCH = YES;
				COPY_PHASE_STRIP = NO;
				DEBUG_INFORMATION_FORMAT = dwarf;
				ENABLE_STRICT_OBJC_MSGSEND = YES;
				ENABLE_TESTABILITY = YES;
				ENABLE_USER_SCRIPT_SANDBOXING = YES;
				GCC_C_LANGUAGE_STANDARD = gnu17;
				GCC_DYNAMIC_NO_PIC = NO;
				GCC_NO_COMMON_BLOCKS = YES;
				GCC_OPTIMIZATION_LEVEL = 0;
				GCC_PREPROCESSOR_DEFINITIONS = (
					"DEBUG=1",
					"$(inherited)",
				);
				GCC_WARN_64_TO_32_BIT_CONVERSION = YES;
				GCC_WARN_ABOUT_RETURN_TYPE = YES_ERROR;
				GCC_WARN_UNDECLARED_SELECTOR = YES;
				GCC_WARN_UNINITIALIZED_AUTOS = YES_AGGRESSIVE;
				GCC_WARN_UNUSED_FUNCTION = YES;
				GCC_WARN_UNUSED_VARIABLE = YES;
				INFOPLIST_KEY_NSFaceIDUsageDescription = "We use Face ID to quickly log you into your account.";
				IPHONEOS_DEPLOYMENT_TARGET = 17.2;
				LOCALIZATION_PREFERS_STRING_CATALOGS = YES;
				MTL_ENABLE_DEBUG_INFO = INCLUDE_SOURCE;
				MTL_FAST_MATH = YES;
				ONLY_ACTIVE_ARCH = YES;
				SDKROOT = iphoneos;
				SWIFT_ACTIVE_COMPILATION_CONDITIONS = "DEBUG $(inherited)";
				SWIFT_OPTIMIZATION_LEVEL = "-Onone";
			};
			name = Test;
		};
		B559AD8F2C10181B00CE4CF1 /* Test */ = {
			isa = XCBuildConfiguration;
			baseConfigurationReference = B559AD8C2C10163400CE4CF1 /* Test.xcconfig */;
			buildSettings = {
				ASSETCATALOG_COMPILER_APPICON_NAME = AppIcon;
				ASSETCATALOG_COMPILER_GLOBAL_ACCENT_COLOR_NAME = AccentColor;
				CODE_SIGN_STYLE = Automatic;
				CURRENT_PROJECT_VERSION = 1;
				DEVELOPMENT_ASSET_PATHS = "\"ExpenseManagement/Preview Content\"";
				DEVELOPMENT_TEAM = 973F3TA6FW;
				ENABLE_PREVIEWS = YES;
				GENERATE_INFOPLIST_FILE = YES;
				INFOPLIST_FILE = ExpenseManagement/Info.plist;
				INFOPLIST_KEY_LSApplicationCategoryType = "";
				INFOPLIST_KEY_NSFaceIDUsageDescription = "We use Face ID to quickly log you into your account.";
				INFOPLIST_KEY_UIApplicationSceneManifest_Generation = YES;
				INFOPLIST_KEY_UIApplicationSupportsIndirectInputEvents = YES;
				INFOPLIST_KEY_UILaunchScreen_Generation = YES;
				INFOPLIST_KEY_UISupportedInterfaceOrientations = UIInterfaceOrientationPortrait;
				INFOPLIST_KEY_UISupportedInterfaceOrientations_iPad = "UIInterfaceOrientationLandscapeLeft UIInterfaceOrientationLandscapeRight UIInterfaceOrientationPortrait UIInterfaceOrientationPortraitUpsideDown";
				INFOPLIST_KEY_UIUserInterfaceStyle = Light;
				LD_RUNPATH_SEARCH_PATHS = (
					"$(inherited)",
					"@executable_path/Frameworks",
				);
				MARKETING_VERSION = 1.0;
				PRODUCT_BUNDLE_IDENTIFIER = "pfu.us.ricoh.expense-management";
				PRODUCT_NAME = "$(TARGET_NAME)";
				SWIFT_EMIT_LOC_STRINGS = YES;
				SWIFT_VERSION = 5.0;
				TARGETED_DEVICE_FAMILY = 1;
			};
			name = Test;
		};
/* End XCBuildConfiguration section */

/* Begin XCConfigurationList section */
		0FCD009E2C08CAAF00A49C62 /* Build configuration list for PBXProject "ExpenseManagement" */ = {
			isa = XCConfigurationList;
			buildConfigurations = (
				0FCD00AF2C08CAB000A49C62 /* Debug */,
				B559AD8E2C10181B00CE4CF1 /* Test */,
				0FCD00B02C08CAB000A49C62 /* Release */,
			);
			defaultConfigurationIsVisible = 0;
			defaultConfigurationName = Debug;
		};
		0FCD00B12C08CAB000A49C62 /* Build configuration list for PBXNativeTarget "ExpenseManagement" */ = {
			isa = XCConfigurationList;
			buildConfigurations = (
				0FCD00B22C08CAB000A49C62 /* Debug */,
				B559AD8F2C10181B00CE4CF1 /* Test */,
				0FCD00B32C08CAB000A49C62 /* Release */,
			);
			defaultConfigurationIsVisible = 0;
			defaultConfigurationName = Debug;
		};
/* End XCConfigurationList section */

/* Begin XCRemoteSwiftPackageReference section */
		B50D30E02C2DF34700AE8880 /* XCRemoteSwiftPackageReference "SwiftMessages" */ = {
			isa = XCRemoteSwiftPackageReference;
			repositoryURL = "https://github.com/SwiftKickMobile/SwiftMessages";
			requirement = {
				kind = upToNextMajorVersion;
				minimumVersion = 10.0.0;
			};
		};
		B50D30F82C34E37000AE8880 /* XCRemoteSwiftPackageReference "SwiftUIFormValidator" */ = {
			isa = XCRemoteSwiftPackageReference;
			repositoryURL = "https://github.com/Open-Bytes/SwiftUIFormValidator";
			requirement = {
				kind = upToNextMajorVersion;
				minimumVersion = 1.0.4;
			};
		};
		B59BD6262C28ECCE0027E599 /* XCRemoteSwiftPackageReference "JWTDecode" */ = {
			isa = XCRemoteSwiftPackageReference;
			repositoryURL = "https://github.com/auth0/JWTDecode.swift";
			requirement = {
				kind = upToNextMajorVersion;
				minimumVersion = 3.1.0;
			};
		};
		B59BD6292C28ECE10027E599 /* XCRemoteSwiftPackageReference "PhoneNumberKit" */ = {
			isa = XCRemoteSwiftPackageReference;
			repositoryURL = "https://github.com/marmelroy/PhoneNumberKit.git";
			requirement = {
				kind = upToNextMajorVersion;
				minimumVersion = 3.7.11;
			};
		};
/* End XCRemoteSwiftPackageReference section */

/* Begin XCSwiftPackageProductDependency section */
		B50D30E12C2DF34700AE8880 /* SwiftMessages */ = {
			isa = XCSwiftPackageProductDependency;
			package = B50D30E02C2DF34700AE8880 /* XCRemoteSwiftPackageReference "SwiftMessages" */;
			productName = SwiftMessages;
		};
		B50D30F92C34E37000AE8880 /* FormValidator */ = {
			isa = XCSwiftPackageProductDependency;
			package = B50D30F82C34E37000AE8880 /* XCRemoteSwiftPackageReference "SwiftUIFormValidator" */;
			productName = FormValidator;
		};
		B59BD6342C2B3B040027E599 /* PhoneNumberKit */ = {
			isa = XCSwiftPackageProductDependency;
			package = B59BD6292C28ECE10027E599 /* XCRemoteSwiftPackageReference "PhoneNumberKit" */;
			productName = PhoneNumberKit;
		};
		B59BD6362C2B3B0E0027E599 /* JWTDecode */ = {
			isa = XCSwiftPackageProductDependency;
			package = B59BD6262C28ECCE0027E599 /* XCRemoteSwiftPackageReference "JWTDecode" */;
			productName = JWTDecode;
		};
/* End XCSwiftPackageProductDependency section */
	};
	rootObject = 0FCD009B2C08CAAF00A49C62 /* Project object */;
}
