{
  "originHash" : "d28fee8c4e8a38dbd7c496c68510bf736d857aedc3aa86679732bd244eb396da",
  "pins" : [
    {
      "identity" : "codableextensions",
      "kind" : "remoteSourceControl",
      "location" : "https://github.com/rvenieris/CodableExtensions.git",
      "state" : {
        "revision" : "e671737b81ffe39c17523f0caac73e93cce36927",
        "version" : "1.0.0"
      }
    },
    {
      "identity" : "jwtdecode.swift",
      "kind" : "remoteSourceControl",
      "location" : "https://github.com/auth0/JWTDecode.swift",
      "state" : {
        "revision" : "58af7278797871e460d79496621b3e5366b865b2",
        "version" : "3.1.0"
      }
    },
    {
      "identity" : "phonenumberkit",
      "kind" : "remoteSourceControl",
      "location" : "https://github.com/marmelroy/PhoneNumberKit.git",
      "state" : {
        "revision" : "0a025521711539e3a6e0e725ac868ac84a4983e1",
        "version" : "3.7.11"
      }
    }
  ],
  "version" : 3
}
